github.com/SnackLog/database-config-lib v0.2.0 h1:lnuO/nWfVdR4M6iIDt/6/UE8huMwwzQ/AHY4lw4D40M=
github.com/SnackLog/database-config-lib v0.2.0/go.mod h1:997JZ6UfTIC+ggf0cYUenAEI+bLhl3csKpnkss12BW8=
github.com/lib/pq v1.11.0 h1:aJpnw24caDH5XfSwI/tSUnN8RJRNqbNyArYazaGulzw=
github.com/lib/pq v1.11.0/go.mod h1:/p+8NSbOcwzAEI7wiMXFlgydTwcgTr3OSKMsD2BitpA=
