github.com/SnackLog/database-config-lib v0.2.0 h1:lnuO/nWfVdR4M6iIDt/6/UE8huMwwzQ/AHY4lw4D40M=
github.com/SnackLog/database-config-lib v0.2.0/go.mod h1:997JZ6UfTIC+ggf0cYUenAEI+bLhl3csKpnkss12BW8=
github.com/lib/pq v1.12.3 h1:tTWxr2YLKwIvK90ZXEw8GP7UFHtcbTtty8zsI+YjrfQ=
github.com/lib/pq v1.12.3/go.mod h1:/p+8NSbOcwzAEI7wiMXFlgydTwcgTr3OSKMsD2BitpA=
